Microsoft Visual Studio Solution File, Format Version 12.00
# Visual Studio Version 16
VisualStudioVersion = 16.0.0.0
MinimumVisualStudioVersion = 16.0.0.0
Project("{9A19103F-16F7-4668-BE54-9A1E7A4F7556}") = "ChatGPT_API_Blazor", "ChatGPT_API_Blazor\ChatGPT_API_Blazor.csproj", "{1042B370-9996-4047-A069-8401CB4FFFD5}"
EndProject
Project("{9A19103F-16F7-4668-BE54-9A1E7A4F7556}") = "ChatGPT_API_Blazor.Client", "ChatGPT_API_Blazor.Client\ChatGPT_API_Blazor.Client.csproj", "{9DDA2760-6A97-4248-A638-AC22E113DC43}"
EndProject
Global
	GlobalSection(SolutionConfigurationPlatforms) = preSolution
		Debug|Any CPU = Debug|Any CPU
		Debug|x64 = Debug|x64
		Debug|x86 = Debug|x86
		Release|Any CPU = Release|Any CPU
		Release|x64 = Release|x64
		Release|x86 = Release|x86
	EndGlobalSection
	GlobalSection(ProjectConfigurationPlatforms) = postSolution
		{9DDA2760-6A97-4248-A638-AC22E113DC43}.Debug|Any CPU.ActiveCfg = Debug|Any CPU
		{9DDA2760-6A97-4248-A638-AC22E113DC43}.Debug|Any CPU.Build.0 = Debug|Any CPU
		{9DDA2760-6A97-4248-A638-AC22E113DC43}.Debug|x64.ActiveCfg = Debug|Any CPU
		{9DDA2760-6A97-4248-A638-AC22E113DC43}.Debug|x64.Build.0 = Debug|Any CPU
		{9DDA2760-6A97-4248-A638-AC22E113DC43}.Debug|x86.ActiveCfg = Debug|Any CPU
		{9DDA2760-6A97-4248-A638-AC22E113DC43}.Debug|x86.Build.0 = Debug|Any CPU
		{9DDA2760-6A97-4248-A638-AC22E113DC43}.Release|Any CPU.ActiveCfg = Release|Any CPU
		{9DDA2760-6A97-4248-A638-AC22E113DC43}.Release|Any CPU.Build.0 = Release|Any CPU
		{9DDA2760-6A97-4248-A638-AC22E113DC43}.Release|x64.ActiveCfg = Release|Any CPU
		{9DDA2760-6A97-4248-A638-AC22E113DC43}.Release|x64.Build.0 = Release|Any CPU
		{9DDA2760-6A97-4248-A638-AC22E113DC43}.Release|x86.ActiveCfg = Release|Any CPU
		{9DDA2760-6A97-4248-A638-AC22E113DC43}.Release|x86.Build.0 = Release|Any CPU
		{1042B370-9996-4047-A069-8401CB4FFFD5}.Debug|Any CPU.ActiveCfg = Debug|Any CPU
		{1042B370-9996-4047-A069-8401CB4FFFD5}.Debug|Any CPU.Build.0 = Debug|Any CPU
		{1042B370-9996-4047-A069-8401CB4FFFD5}.Debug|x64.ActiveCfg = Debug|Any CPU
		{1042B370-9996-4047-A069-8401CB4FFFD5}.Debug|x64.Build.0 = Debug|Any CPU
		{1042B370-9996-4047-A069-8401CB4FFFD5}.Debug|x86.ActiveCfg = Debug|Any CPU
		{1042B370-9996-4047-A069-8401CB4FFFD5}.Debug|x86.Build.0 = Debug|Any CPU
		{1042B370-9996-4047-A069-8401CB4FFFD5}.Release|Any CPU.ActiveCfg = Release|Any CPU
		{1042B370-9996-4047-A069-8401CB4FFFD5}.Release|Any CPU.Build.0 = Release|Any CPU
		{1042B370-9996-4047-A069-8401CB4FFFD5}.Release|x64.ActiveCfg = Release|Any CPU
		{1042B370-9996-4047-A069-8401CB4FFFD5}.Release|x64.Build.0 = Release|Any CPU
		{1042B370-9996-4047-A069-8401CB4FFFD5}.Release|x86.ActiveCfg = Release|Any CPU
		{1042B370-9996-4047-A069-8401CB4FFFD5}.Release|x86.Build.0 = Release|Any CPU
	EndGlobalSection
	GlobalSection(SolutionProperties) = preSolution
		HideSolutionNode = FALSE
	EndGlobalSection
	GlobalSection(ExtensibilityGlobals) = postSolution
		SolutionGuid = {3C66CC26-B017-4C53-89D5-7D1DD0DE911A}
	EndGlobalSection
EndGlobal
