
Microsoft Visual Studio Solution File, Format Version 12.00
# Visual Studio Version 17
VisualStudioVersion = 17.11.35219.272
MinimumVisualStudioVersion = 10.0.40219.1
Project("{9A19103F-16F7-4668-BE54-9A1E7A4F7556}") = "BlazorEntraIDApp1", "BlazorEntraIDApp1.csproj", "{31A9D740-47A1-45F8-885D-B4026CBD2406}"
EndProject
Global
	GlobalSection(SolutionConfigurationPlatforms) = preSolution
		Debug|Any CPU = Debug|Any CPU
		Release|Any CPU = Release|Any CPU
	EndGlobalSection
	GlobalSection(ProjectConfigurationPlatforms) = postSolution
		{31A9D740-47A1-45F8-885D-B4026CBD2406}.Debug|Any CPU.ActiveCfg = Debug|Any CPU
		{31A9D740-47A1-45F8-885D-B4026CBD2406}.Debug|Any CPU.Build.0 = Debug|Any CPU
		{31A9D740-47A1-45F8-885D-B4026CBD2406}.Release|Any CPU.ActiveCfg = Release|Any CPU
		{31A9D740-47A1-45F8-885D-B4026CBD2406}.Release|Any CPU.Build.0 = Release|Any CPU
	EndGlobalSection
	GlobalSection(SolutionProperties) = preSolution
		HideSolutionNode = FALSE
	EndGlobalSection
	GlobalSection(ExtensibilityGlobals) = postSolution
		SolutionGuid = {805F42DC-BD9E-416A-99D3-5BBEB63691B3}
	EndGlobalSection
EndGlobal
