
Microsoft Visual Studio Solution File, Format Version 12.00
# Visual Studio Version 17
VisualStudioVersion = 17.9.34728.123
MinimumVisualStudioVersion = 10.0.40219.1
Project("{9A19103F-16F7-4668-BE54-9A1E7A4F7556}") = "TodoListApp", "TodoListApp.csproj", "{514E22BD-C565-40E1-839C-D2F6A178BB21}"
EndProject
Global
	GlobalSection(SolutionConfigurationPlatforms) = preSolution
		Debug|Any CPU = Debug|Any CPU
		Release|Any CPU = Release|Any CPU
	EndGlobalSection
	GlobalSection(ProjectConfigurationPlatforms) = postSolution
		{514E22BD-C565-40E1-839C-D2F6A178BB21}.Debug|Any CPU.ActiveCfg = Debug|Any CPU
		{514E22BD-C565-40E1-839C-D2F6A178BB21}.Debug|Any CPU.Build.0 = Debug|Any CPU
		{514E22BD-C565-40E1-839C-D2F6A178BB21}.Release|Any CPU.ActiveCfg = Release|Any CPU
		{514E22BD-C565-40E1-839C-D2F6A178BB21}.Release|Any CPU.Build.0 = Release|Any CPU
	EndGlobalSection
	GlobalSection(SolutionProperties) = preSolution
		HideSolutionNode = FALSE
	EndGlobalSection
	GlobalSection(ExtensibilityGlobals) = postSolution
		SolutionGuid = {3887C103-4F50-4E48-BD7A-A1E4210B1335}
	EndGlobalSection
EndGlobal
